
Microsoft Visual Studio Solution File, Format Version 12.00
# Visual Studio Version 16
VisualStudioVersion = 16.0.30413.136
MinimumVisualStudioVersion = 10.0.40219.1
Project("{FAE04EC0-301F-11D3-BF4B-00C04F79EFBC}") = "miniräknare", "miniräknare.csproj", "{892AD5DE-7DAC-4E87-98AD-D9B63CD27BA6}"
EndProject
Global
	GlobalSection(SolutionConfigurationPlatforms) = preSolution
		Debug|Any CPU = Debug|Any CPU
		Release|Any CPU = Release|Any CPU
	EndGlobalSection
	GlobalSection(ProjectConfigurationPlatforms) = postSolution
		{892AD5DE-7DAC-4E87-98AD-D9B63CD27BA6}.Debug|Any CPU.ActiveCfg = Debug|Any CPU
		{892AD5DE-7DAC-4E87-98AD-D9B63CD27BA6}.Debug|Any CPU.Build.0 = Debug|Any CPU
		{892AD5DE-7DAC-4E87-98AD-D9B63CD27BA6}.Release|Any CPU.ActiveCfg = Release|Any CPU
		{892AD5DE-7DAC-4E87-98AD-D9B63CD27BA6}.Release|Any CPU.Build.0 = Release|Any CPU
	EndGlobalSection
	GlobalSection(SolutionProperties) = preSolution
		HideSolutionNode = FALSE
	EndGlobalSection
	GlobalSection(ExtensibilityGlobals) = postSolution
		SolutionGuid = {3425E4C1-E83F-4D46-B5AD-B5BA2C946C70}
	EndGlobalSection
EndGlobal
